
Microsoft Visual Studio Solution File, Format Version 12.00
# Visual Studio Version 17
VisualStudioVersion = 17.2.32516.85
MinimumVisualStudioVersion = 10.0.40219.1
Project("{FAE04EC0-301F-11D3-BF4B-00C04F79EFBC}") = "OutageAPI", "OutageAPI\OutageAPI.csproj", "{FE251634-1BA7-4898-BEAD-E1406D97C10A}"
EndProject
Global
	GlobalSection(SolutionConfigurationPlatforms) = preSolution
		Debug|Any CPU = Debug|Any CPU
		Release|Any CPU = Release|Any CPU
	EndGlobalSection
	GlobalSection(ProjectConfigurationPlatforms) = postSolution
		{FE251634-1BA7-4898-BEAD-E1406D97C10A}.Debug|Any CPU.ActiveCfg = Debug|Any CPU
		{FE251634-1BA7-4898-BEAD-E1406D97C10A}.Debug|Any CPU.Build.0 = Debug|Any CPU
		{FE251634-1BA7-4898-BEAD-E1406D97C10A}.Release|Any CPU.ActiveCfg = Release|Any CPU
		{FE251634-1BA7-4898-BEAD-E1406D97C10A}.Release|Any CPU.Build.0 = Release|Any CPU
	EndGlobalSection
	GlobalSection(SolutionProperties) = preSolution
		HideSolutionNode = FALSE
	EndGlobalSection
	GlobalSection(ExtensibilityGlobals) = postSolution
		SolutionGuid = {CFD1CC6A-F817-446B-9CC2-C32A25216BFF}
	EndGlobalSection
EndGlobal
